
Microsoft Visual Studio Solution File, Format Version 12.00
# Visual Studio Version 17
VisualStudioVersion = 17.10.35027.167
MinimumVisualStudioVersion = 10.0.40219.1
Project("{FAE04EC0-301F-11D3-BF4B-00C04F79EFBC}") = "BlackLagoon.Web", "BlackLagoon.Web\BlackLagoon.Web.csproj", "{5C511C5A-1A8F-425D-9555-7F6C267BE796}"
EndProject
Global
	GlobalSection(SolutionConfigurationPlatforms) = preSolution
		Debug|Any CPU = Debug|Any CPU
		Release|Any CPU = Release|Any CPU
	EndGlobalSection
	GlobalSection(ProjectConfigurationPlatforms) = postSolution
		{5C511C5A-1A8F-425D-9555-7F6C267BE796}.Debug|Any CPU.ActiveCfg = Debug|Any CPU
		{5C511C5A-1A8F-425D-9555-7F6C267BE796}.Debug|Any CPU.Build.0 = Debug|Any CPU
		{5C511C5A-1A8F-425D-9555-7F6C267BE796}.Release|Any CPU.ActiveCfg = Release|Any CPU
		{5C511C5A-1A8F-425D-9555-7F6C267BE796}.Release|Any CPU.Build.0 = Release|Any CPU
	EndGlobalSection
	GlobalSection(SolutionProperties) = preSolution
		HideSolutionNode = FALSE
	EndGlobalSection
	GlobalSection(ExtensibilityGlobals) = postSolution
		SolutionGuid = {329F4A9E-01C2-44ED-84E5-96FB267997C9}
	EndGlobalSection
EndGlobal
